// !$*UTF8*$!
{
	archiveVersion = 1;
	classes = {
	};
	objectVersion = 46;
	objects = {

/* Begin PBXBuildFile section */
		DF244A5519B5C7F10031968F /* Foundation.framework in Frameworks */ = {isa = PBXBuildFile; fileRef = DF244A5419B5C7F10031968F /* Foundation.framework */; };
		DF244A5719B5C7F10031968F /* CoreGraphics.framework in Frameworks */ = {isa = PBXBuildFile; fileRef = DF244A5619B5C7F10031968F /* CoreGraphics.framework */; };
		DF244A5919B5C7F10031968F /* UIKit.framework in Frameworks */ = {isa = PBXBuildFile; fileRef = DF244A5819B5C7F10031968F /* UIKit.framework */; };
		DF244A5F19B5C7F10031968F /* InfoPlist.strings in Resources */ = {isa = PBXBuildFile; fileRef = DF244A5D19B5C7F10031968F /* InfoPlist.strings */; };
		DF244A6119B5C7F10031968F /* main.m in Sources */ = {isa = PBXBuildFile; fileRef = DF244A6019B5C7F10031968F /* main.m */; };
		DF244A6519B5C7F10031968F /* AppDelegate.m in Sources */ = {isa = PBXBuildFile; fileRef = DF244A6419B5C7F10031968F /* AppDelegate.m */; };
		DF244A6819B5C7F10031968F /* Main.storyboard in Resources */ = {isa = PBXBuildFile; fileRef = DF244A6619B5C7F10031968F /* Main.storyboard */; };
		DF244A6B19B5C7F10031968F /* ViewController.m in Sources */ = {isa = PBXBuildFile; fileRef = DF244A6A19B5C7F10031968F /* ViewController.m */; };
		DF244A6D19B5C7F10031968F /* Images.xcassets in Resources */ = {isa = PBXBuildFile; fileRef = DF244A6C19B5C7F10031968F /* Images.xcassets */; };
		DF244A7419B5C7F10031968F /* XCTest.framework in Frameworks */ = {isa = PBXBuildFile; fileRef = DF244A7319B5C7F10031968F /* XCTest.framework */; };
		DF244A7519B5C7F10031968F /* Foundation.framework in Frameworks */ = {isa = PBXBuildFile; fileRef = DF244A5419B5C7F10031968F /* Foundation.framework */; };
		DF244A7619B5C7F10031968F /* UIKit.framework in Frameworks */ = {isa = PBXBuildFile; fileRef = DF244A5819B5C7F10031968F /* UIKit.framework */; };
		DF244A7E19B5C7F10031968F /* InfoPlist.strings in Resources */ = {isa = PBXBuildFile; fileRef = DF244A7C19B5C7F10031968F /* InfoPlist.strings */; };
		DF244A8019B5C7F10031968F /* AVQueuePlayerDemoTests.m in Sources */ = {isa = PBXBuildFile; fileRef = DF244A7F19B5C7F10031968F /* AVQueuePlayerDemoTests.m */; };
		DF244A8C19B5C8A20031968F /* PlayerView.m in Sources */ = {isa = PBXBuildFile; fileRef = DF244A8B19B5C8A20031968F /* PlayerView.m */; };
		DF244A8E19B5C9310031968F /* AVFoundation.framework in Frameworks */ = {isa = PBXBuildFile; fileRef = DF244A8D19B5C9310031968F /* AVFoundation.framework */; };
		DF244A9019B5C9380031968F /* AudioToolbox.framework in Frameworks */ = {isa = PBXBuildFile; fileRef = DF244A8F19B5C9380031968F /* AudioToolbox.framework */; };
		DF244A9219B5C9400031968F /* CoreMedia.framework in Frameworks */ = {isa = PBXBuildFile; fileRef = DF244A9119B5C9400031968F /* CoreMedia.framework */; };
		DF244A9419B5C9470031968F /* MediaPlayer.framework in Frameworks */ = {isa = PBXBuildFile; fileRef = DF244A9319B5C9470031968F /* MediaPlayer.framework */; };
		DF244A9719B5CA3B0031968F /* VideoPlayerManage.m in Sources */ = {isa = PBXBuildFile; fileRef = DF244A9619B5CA3B0031968F /* VideoPlayerManage.m */; };
/* End PBXBuildFile section */

/* Begin PBXContainerItemProxy section */
		DF244A7719B5C7F10031968F /* PBXContainerItemProxy */ = {
			isa = PBXContainerItemProxy;
			containerPortal = DF244A4919B5C7F10031968F /* Project object */;
			proxyType = 1;
			remoteGlobalIDString = DF244A5019B5C7F10031968F;
			remoteInfo = AVQueuePlayerDemo;
		};
/* End PBXContainerItemProxy section */

/* Begin PBXFileReference section */
		DF244A5119B5C7F10031968F /* AVQueuePlayerDemo.app */ = {isa = PBXFileReference; explicitFileType = wrapper.application; includeInIndex = 0; path = AVQueuePlayerDemo.app; sourceTree = BUILT_PRODUCTS_DIR; };
		DF244A5419B5C7F10031968F /* Foundation.framework */ = {isa = PBXFileReference; lastKnownFileType = wrapper.framework; name = Foundation.framework; path = System/Library/Frameworks/Foundation.framework; sourceTree = SDKROOT; };
		DF244A5619B5C7F10031968F /* CoreGraphics.framework */ = {isa = PBXFileReference; lastKnownFileType = wrapper.framework; name = CoreGraphics.framework; path = System/Library/Frameworks/CoreGraphics.framework; sourceTree = SDKROOT; };
		DF244A5819B5C7F10031968F /* UIKit.framework */ = {isa = PBXFileReference; lastKnownFileType = wrapper.framework; name = UIKit.framework; path = System/Library/Frameworks/UIKit.framework; sourceTree = SDKROOT; };
		DF244A5C19B5C7F10031968F /* AVQueuePlayerDemo-Info.plist */ = {isa = PBXFileReference; lastKnownFileType = text.plist.xml; path = "AVQueuePlayerDemo-Info.plist"; sourceTree = "<group>"; };
		DF244A5E19B5C7F10031968F /* en */ = {isa = PBXFileReference; lastKnownFileType = text.plist.strings; name = en; path = en.lproj/InfoPlist.strings; sourceTree = "<group>"; };
		DF244A6019B5C7F10031968F /* main.m */ = {isa = PBXFileReference; lastKnownFileType = sourcecode.c.objc; path = main.m; sourceTree = "<group>"; };
		DF244A6219B5C7F10031968F /* AVQueuePlayerDemo-Prefix.pch */ = {isa = PBXFileReference; lastKnownFileType = sourcecode.c.h; path = "AVQueuePlayerDemo-Prefix.pch"; sourceTree = "<group>"; };
		DF244A6319B5C7F10031968F /* AppDelegate.h */ = {isa = PBXFileReference; lastKnownFileType = sourcecode.c.h; path = AppDelegate.h; sourceTree = "<group>"; };
		DF244A6419B5C7F10031968F /* AppDelegate.m */ = {isa = PBXFileReference; lastKnownFileType = sourcecode.c.objc; path = AppDelegate.m; sourceTree = "<group>"; };
		DF244A6719B5C7F10031968F /* Base */ = {isa = PBXFileReference; lastKnownFileType = file.storyboard; name = Base; path = Base.lproj/Main.storyboard; sourceTree = "<group>"; };
		DF244A6919B5C7F10031968F /* ViewController.h */ = {isa = PBXFileReference; lastKnownFileType = sourcecode.c.h; path = ViewController.h; sourceTree = "<group>"; };
		DF244A6A19B5C7F10031968F /* ViewController.m */ = {isa = PBXFileReference; lastKnownFileType = sourcecode.c.objc; path = ViewController.m; sourceTree = "<group>"; };
		DF244A6C19B5C7F10031968F /* Images.xcassets */ = {isa = PBXFileReference; lastKnownFileType = folder.assetcatalog; path = Images.xcassets; sourceTree = "<group>"; };
		DF244A7219B5C7F10031968F /* AVQueuePlayerDemoTests.xctest */ = {isa = PBXFileReference; explicitFileType = wrapper.cfbundle; includeInIndex = 0; path = AVQueuePlayerDemoTests.xctest; sourceTree = BUILT_PRODUCTS_DIR; };
		DF244A7319B5C7F10031968F /* XCTest.framework */ = {isa = PBXFileReference; lastKnownFileType = wrapper.framework; name = XCTest.framework; path = Library/Frameworks/XCTest.framework; sourceTree = DEVELOPER_DIR; };
		DF244A7B19B5C7F10031968F /* AVQueuePlayerDemoTests-Info.plist */ = {isa = PBXFileReference; lastKnownFileType = text.plist.xml; path = "AVQueuePlayerDemoTests-Info.plist"; sourceTree = "<group>"; };
		DF244A7D19B5C7F10031968F /* en */ = {isa = PBXFileReference; lastKnownFileType = text.plist.strings; name = en; path = en.lproj/InfoPlist.strings; sourceTree = "<group>"; };
		DF244A7F19B5C7F10031968F /* AVQueuePlayerDemoTests.m */ = {isa = PBXFileReference; lastKnownFileType = sourcecode.c.objc; path = AVQueuePlayerDemoTests.m; sourceTree = "<group>"; };
		DF244A8A19B5C8A20031968F /* PlayerView.h */ = {isa = PBXFileReference; fileEncoding = 4; lastKnownFileType = sourcecode.c.h; path = PlayerView.h; sourceTree = "<group>"; };
		DF244A8B19B5C8A20031968F /* PlayerView.m */ = {isa = PBXFileReference; fileEncoding = 4; lastKnownFileType = sourcecode.c.objc; path = PlayerView.m; sourceTree = "<group>"; };
		DF244A8D19B5C9310031968F /* AVFoundation.framework */ = {isa = PBXFileReference; lastKnownFileType = wrapper.framework; name = AVFoundation.framework; path = System/Library/Frameworks/AVFoundation.framework; sourceTree = SDKROOT; };
		DF244A8F19B5C9380031968F /* AudioToolbox.framework */ = {isa = PBXFileReference; lastKnownFileType = wrapper.framework; name = AudioToolbox.framework; path = System/Library/Frameworks/AudioToolbox.framework; sourceTree = SDKROOT; };
		DF244A9119B5C9400031968F /* CoreMedia.framework */ = {isa = PBXFileReference; lastKnownFileType = wrapper.framework; name = CoreMedia.framework; path = System/Library/Frameworks/CoreMedia.framework; sourceTree = SDKROOT; };
		DF244A9319B5C9470031968F /* MediaPlayer.framework */ = {isa = PBXFileReference; lastKnownFileType = wrapper.framework; name = MediaPlayer.framework; path = System/Library/Frameworks/MediaPlayer.framework; sourceTree = SDKROOT; };
		DF244A9519B5CA3B0031968F /* VideoPlayerManage.h */ = {isa = PBXFileReference; fileEncoding = 4; lastKnownFileType = sourcecode.c.h; path = VideoPlayerManage.h; sourceTree = "<group>"; };
		DF244A9619B5CA3B0031968F /* VideoPlayerManage.m */ = {isa = PBXFileReference; fileEncoding = 4; lastKnownFileType = sourcecode.c.objc; path = VideoPlayerManage.m; sourceTree = "<group>"; };
/* End PBXFileReference section */

/* Begin PBXFrameworksBuildPhase section */
		DF244A4E19B5C7F10031968F /* Frameworks */ = {
			isa = PBXFrameworksBuildPhase;
			buildActionMask = 2147483647;
			files = (
				DF244A9419B5C9470031968F /* MediaPlayer.framework in Frameworks */,
				DF244A9219B5C9400031968F /* CoreMedia.framework in Frameworks */,
				DF244A9019B5C9380031968F /* AudioToolbox.framework in Frameworks */,
				DF244A8E19B5C9310031968F /* AVFoundation.framework in Frameworks */,
				DF244A5719B5C7F10031968F /* CoreGraphics.framework in Frameworks */,
				DF244A5919B5C7F10031968F /* UIKit.framework in Frameworks */,
				DF244A5519B5C7F10031968F /* Foundation.framework in Frameworks */,
			);
			runOnlyForDeploymentPostprocessing = 0;
		};
		DF244A6F19B5C7F10031968F /* Frameworks */ = {
			isa = PBXFrameworksBuildPhase;
			buildActionMask = 2147483647;
			files = (
				DF244A7419B5C7F10031968F /* XCTest.framework in Frameworks */,
				DF244A7619B5C7F10031968F /* UIKit.framework in Frameworks */,
				DF244A7519B5C7F10031968F /* Foundation.framework in Frameworks */,
			);
			runOnlyForDeploymentPostprocessing = 0;
		};
/* End PBXFrameworksBuildPhase section */

/* Begin PBXGroup section */
		DF244A4819B5C7F10031968F = {
			isa = PBXGroup;
			children = (
				DF244A8919B5C8080031968F /* Player */,
				DF244A5A19B5C7F10031968F /* AVQueuePlayerDemo */,
				DF244A7919B5C7F10031968F /* AVQueuePlayerDemoTests */,
				DF244A5319B5C7F10031968F /* Frameworks */,
				DF244A5219B5C7F10031968F /* Products */,
			);
			sourceTree = "<group>";
		};
		DF244A5219B5C7F10031968F /* Products */ = {
			isa = PBXGroup;
			children = (
				DF244A5119B5C7F10031968F /* AVQueuePlayerDemo.app */,
				DF244A7219B5C7F10031968F /* AVQueuePlayerDemoTests.xctest */,
			);
			name = Products;
			sourceTree = "<group>";
		};
		DF244A5319B5C7F10031968F /* Frameworks */ = {
			isa = PBXGroup;
			children = (
				DF244A9319B5C9470031968F /* MediaPlayer.framework */,
				DF244A9119B5C9400031968F /* CoreMedia.framework */,
				DF244A8F19B5C9380031968F /* AudioToolbox.framework */,
				DF244A8D19B5C9310031968F /* AVFoundation.framework */,
				DF244A5419B5C7F10031968F /* Foundation.framework */,
				DF244A5619B5C7F10031968F /* CoreGraphics.framework */,
				DF244A5819B5C7F10031968F /* UIKit.framework */,
				DF244A7319B5C7F10031968F /* XCTest.framework */,
			);
			name = Frameworks;
			sourceTree = "<group>";
		};
		DF244A5A19B5C7F10031968F /* AVQueuePlayerDemo */ = {
			isa = PBXGroup;
			children = (
				DF244A6319B5C7F10031968F /* AppDelegate.h */,
				DF244A6419B5C7F10031968F /* AppDelegate.m */,
				DF244A6619B5C7F10031968F /* Main.storyboard */,
				DF244A6919B5C7F10031968F /* ViewController.h */,
				DF244A6A19B5C7F10031968F /* ViewController.m */,
				DF244A6C19B5C7F10031968F /* Images.xcassets */,
				DF244A5B19B5C7F10031968F /* Supporting Files */,
			);
			path = AVQueuePlayerDemo;
			sourceTree = "<group>";
		};
		DF244A5B19B5C7F10031968F /* Supporting Files */ = {
			isa = PBXGroup;
			children = (
				DF244A5C19B5C7F10031968F /* AVQueuePlayerDemo-Info.plist */,
				DF244A5D19B5C7F10031968F /* InfoPlist.strings */,
				DF244A6019B5C7F10031968F /* main.m */,
				DF244A6219B5C7F10031968F /* AVQueuePlayerDemo-Prefix.pch */,
			);
			name = "Supporting Files";
			sourceTree = "<group>";
		};
		DF244A7919B5C7F10031968F /* AVQueuePlayerDemoTests */ = {
			isa = PBXGroup;
			children = (
				DF244A7F19B5C7F10031968F /* AVQueuePlayerDemoTests.m */,
				DF244A7A19B5C7F10031968F /* Supporting Files */,
			);
			path = AVQueuePlayerDemoTests;
			sourceTree = "<group>";
		};
		DF244A7A19B5C7F10031968F /* Supporting Files */ = {
			isa = PBXGroup;
			children = (
				DF244A7B19B5C7F10031968F /* AVQueuePlayerDemoTests-Info.plist */,
				DF244A7C19B5C7F10031968F /* InfoPlist.strings */,
			);
			name = "Supporting Files";
			sourceTree = "<group>";
		};
		DF244A8919B5C8080031968F /* Player */ = {
			isa = PBXGroup;
			children = (
				DF244A8A19B5C8A20031968F /* PlayerView.h */,
				DF244A8B19B5C8A20031968F /* PlayerView.m */,
				DF244A9519B5CA3B0031968F /* VideoPlayerManage.h */,
				DF244A9619B5CA3B0031968F /* VideoPlayerManage.m */,
			);
			path = Player;
			sourceTree = "<group>";
		};
/* End PBXGroup section */

/* Begin PBXNativeTarget section */
		DF244A5019B5C7F10031968F /* AVQueuePlayerDemo */ = {
			isa = PBXNativeTarget;
			buildConfigurationList = DF244A8319B5C7F10031968F /* Build configuration list for PBXNativeTarget "AVQueuePlayerDemo" */;
			buildPhases = (
				DF244A4D19B5C7F10031968F /* Sources */,
				DF244A4E19B5C7F10031968F /* Frameworks */,
				DF244A4F19B5C7F10031968F /* Resources */,
			);
			buildRules = (
			);
			dependencies = (
			);
			name = AVQueuePlayerDemo;
			productName = AVQueuePlayerDemo;
			productReference = DF244A5119B5C7F10031968F /* AVQueuePlayerDemo.app */;
			productType = "com.apple.product-type.application";
		};
		DF244A7119B5C7F10031968F /* AVQueuePlayerDemoTests */ = {
			isa = PBXNativeTarget;
			buildConfigurationList = DF244A8619B5C7F10031968F /* Build configuration list for PBXNativeTarget "AVQueuePlayerDemoTests" */;
			buildPhases = (
				DF244A6E19B5C7F10031968F /* Sources */,
				DF244A6F19B5C7F10031968F /* Frameworks */,
				DF244A7019B5C7F10031968F /* Resources */,
			);
			buildRules = (
			);
			dependencies = (
				DF244A7819B5C7F10031968F /* PBXTargetDependency */,
			);
			name = AVQueuePlayerDemoTests;
			productName = AVQueuePlayerDemoTests;
			productReference = DF244A7219B5C7F10031968F /* AVQueuePlayerDemoTests.xctest */;
			productType = "com.apple.product-type.bundle.unit-test";
		};
/* End PBXNativeTarget section */

/* Begin PBXProject section */
		DF244A4919B5C7F10031968F /* Project object */ = {
			isa = PBXProject;
			attributes = {
				LastUpgradeCheck = 0510;
				ORGANIZATIONNAME = ZY;
				TargetAttributes = {
					DF244A7119B5C7F10031968F = {
						TestTargetID = DF244A5019B5C7F10031968F;
					};
				};
			};
			buildConfigurationList = DF244A4C19B5C7F10031968F /* Build configuration list for PBXProject "AVQueuePlayerDemo" */;
			compatibilityVersion = "Xcode 3.2";
			developmentRegion = English;
			hasScannedForEncodings = 0;
			knownRegions = (
				en,
				Base,
			);
			mainGroup = DF244A4819B5C7F10031968F;
			productRefGroup = DF244A5219B5C7F10031968F /* Products */;
			projectDirPath = "";
			projectRoot = "";
			targets = (
				DF244A5019B5C7F10031968F /* AVQueuePlayerDemo */,
				DF244A7119B5C7F10031968F /* AVQueuePlayerDemoTests */,
			);
		};
/* End PBXProject section */

/* Begin PBXResourcesBuildPhase section */
		DF244A4F19B5C7F10031968F /* Resources */ = {
			isa = PBXResourcesBuildPhase;
			buildActionMask = 2147483647;
			files = (
				DF244A6D19B5C7F10031968F /* Images.xcassets in Resources */,
				DF244A5F19B5C7F10031968F /* InfoPlist.strings in Resources */,
				DF244A6819B5C7F10031968F /* Main.storyboard in Resources */,
			);
			runOnlyForDeploymentPostprocessing = 0;
		};
		DF244A7019B5C7F10031968F /* Resources */ = {
			isa = PBXResourcesBuildPhase;
			buildActionMask = 2147483647;
			files = (
				DF244A7E19B5C7F10031968F /* InfoPlist.strings in Resources */,
			);
			runOnlyForDeploymentPostprocessing = 0;
		};
/* End PBXResourcesBuildPhase section */

/* Begin PBXSourcesBuildPhase section */
		DF244A4D19B5C7F10031968F /* Sources */ = {
			isa = PBXSourcesBuildPhase;
			buildActionMask = 2147483647;
			files = (
				DF244A6B19B5C7F10031968F /* ViewController.m in Sources */,
				DF244A6519B5C7F10031968F /* AppDelegate.m in Sources */,
				DF244A6119B5C7F10031968F /* main.m in Sources */,
				DF244A8C19B5C8A20031968F /* PlayerView.m in Sources */,
				DF244A9719B5CA3B0031968F /* VideoPlayerManage.m in Sources */,
			);
			runOnlyForDeploymentPostprocessing = 0;
		};
		DF244A6E19B5C7F10031968F /* Sources */ = {
			isa = PBXSourcesBuildPhase;
			buildActionMask = 2147483647;
			files = (
				DF244A8019B5C7F10031968F /* AVQueuePlayerDemoTests.m in Sources */,
			);
			runOnlyForDeploymentPostprocessing = 0;
		};
/* End PBXSourcesBuildPhase section */

/* Begin PBXTargetDependency section */
		DF244A7819B5C7F10031968F /* PBXTargetDependency */ = {
			isa = PBXTargetDependency;
			target = DF244A5019B5C7F10031968F /* AVQueuePlayerDemo */;
			targetProxy = DF244A7719B5C7F10031968F /* PBXContainerItemProxy */;
		};
/* End PBXTargetDependency section */

/* Begin PBXVariantGroup section */
		DF244A5D19B5C7F10031968F /* InfoPlist.strings */ = {
			isa = PBXVariantGroup;
			children = (
				DF244A5E19B5C7F10031968F /* en */,
			);
			name = InfoPlist.strings;
			sourceTree = "<group>";
		};
		DF244A6619B5C7F10031968F /* Main.storyboard */ = {
			isa = PBXVariantGroup;
			children = (
				DF244A6719B5C7F10031968F /* Base */,
			);
			name = Main.storyboard;
			sourceTree = "<group>";
		};
		DF244A7C19B5C7F10031968F /* InfoPlist.strings */ = {
			isa = PBXVariantGroup;
			children = (
				DF244A7D19B5C7F10031968F /* en */,
			);
			name = InfoPlist.strings;
			sourceTree = "<group>";
		};
/* End PBXVariantGroup section */

/* Begin XCBuildConfiguration section */
		DF244A8119B5C7F10031968F /* Debug */ = {
			isa = XCBuildConfiguration;
			buildSettings = {
				ALWAYS_SEARCH_USER_PATHS = NO;
				CLANG_CXX_LANGUAGE_STANDARD = "gnu++0x";
				CLANG_CXX_LIBRARY = "libc++";
				CLANG_ENABLE_MODULES = YES;
				CLANG_ENABLE_OBJC_ARC = YES;
				CLANG_WARN_BOOL_CONVERSION = YES;
				CLANG_WARN_CONSTANT_CONVERSION = YES;
				CLANG_WARN_DIRECT_OBJC_ISA_USAGE = YES_ERROR;
				CLANG_WARN_EMPTY_BODY = YES;
				CLANG_WARN_ENUM_CONVERSION = YES;
				CLANG_WARN_INT_CONVERSION = YES;
				CLANG_WARN_OBJC_ROOT_CLASS = YES_ERROR;
				CLANG_WARN__DUPLICATE_METHOD_MATCH = YES;
				"CODE_SIGN_IDENTITY[sdk=iphoneos*]" = "iPhone Developer";
				COPY_PHASE_STRIP = NO;
				GCC_C_LANGUAGE_STANDARD = gnu99;
				GCC_DYNAMIC_NO_PIC = NO;
				GCC_OPTIMIZATION_LEVEL = 0;
				GCC_PREPROCESSOR_DEFINITIONS = (
					"DEBUG=1",
					"$(inherited)",
				);
				GCC_SYMBOLS_PRIVATE_EXTERN = NO;
				GCC_WARN_64_TO_32_BIT_CONVERSION = YES;
				GCC_WARN_ABOUT_RETURN_TYPE = YES_ERROR;
				GCC_WARN_UNDECLARED_SELECTOR = YES;
				GCC_WARN_UNINITIALIZED_AUTOS = YES_AGGRESSIVE;
				GCC_WARN_UNUSED_FUNCTION = YES;
				GCC_WARN_UNUSED_VARIABLE = YES;
				IPHONEOS_DEPLOYMENT_TARGET = 7.1;
				ONLY_ACTIVE_ARCH = YES;
				SDKROOT = iphoneos;
			};
			name = Debug;
		};
		DF244A8219B5C7F10031968F /* Release */ = {
			isa = XCBuildConfiguration;
			buildSettings = {
				ALWAYS_SEARCH_USER_PATHS = NO;
				CLANG_CXX_LANGUAGE_STANDARD = "gnu++0x";
				CLANG_CXX_LIBRARY = "libc++";
				CLANG_ENABLE_MODULES = YES;
				CLANG_ENABLE_OBJC_ARC = YES;
				CLANG_WARN_BOOL_CONVERSION = YES;
				CLANG_WARN_CONSTANT_CONVERSION = YES;
				CLANG_WARN_DIRECT_OBJC_ISA_USAGE = YES_ERROR;
				CLANG_WARN_EMPTY_BODY = YES;
				CLANG_WARN_ENUM_CONVERSION = YES;
				CLANG_WARN_INT_CONVERSION = YES;
				CLANG_WARN_OBJC_ROOT_CLASS = YES_ERROR;
				CLANG_WARN__DUPLICATE_METHOD_MATCH = YES;
				"CODE_SIGN_IDENTITY[sdk=iphoneos*]" = "iPhone Developer";
				COPY_PHASE_STRIP = YES;
				ENABLE_NS_ASSERTIONS = NO;
				GCC_C_LANGUAGE_STANDARD = gnu99;
				GCC_WARN_64_TO_32_BIT_CONVERSION = YES;
				GCC_WARN_ABOUT_RETURN_TYPE = YES_ERROR;
				GCC_WARN_UNDECLARED_SELECTOR = YES;
				GCC_WARN_UNINITIALIZED_AUTOS = YES_AGGRESSIVE;
				GCC_WARN_UNUSED_FUNCTION = YES;
				GCC_WARN_UNUSED_VARIABLE = YES;
				IPHONEOS_DEPLOYMENT_TARGET = 7.1;
				SDKROOT = iphoneos;
				VALIDATE_PRODUCT = YES;
			};
			name = Release;
		};
		DF244A8419B5C7F10031968F /* Debug */ = {
			isa = XCBuildConfiguration;
			buildSettings = {
				ASSETCATALOG_COMPILER_APPICON_NAME = AppIcon;
				ASSETCATALOG_COMPILER_LAUNCHIMAGE_NAME = LaunchImage;
				GCC_PRECOMPILE_PREFIX_HEADER = YES;
				GCC_PREFIX_HEADER = "AVQueuePlayerDemo/AVQueuePlayerDemo-Prefix.pch";
				INFOPLIST_FILE = "AVQueuePlayerDemo/AVQueuePlayerDemo-Info.plist";
				PRODUCT_NAME = "$(TARGET_NAME)";
				WRAPPER_EXTENSION = app;
			};
			name = Debug;
		};
		DF244A8519B5C7F10031968F /* Release */ = {
			isa = XCBuildConfiguration;
			buildSettings = {
				ASSETCATALOG_COMPILER_APPICON_NAME = AppIcon;
				ASSETCATALOG_COMPILER_LAUNCHIMAGE_NAME = LaunchImage;
				GCC_PRECOMPILE_PREFIX_HEADER = YES;
				GCC_PREFIX_HEADER = "AVQueuePlayerDemo/AVQueuePlayerDemo-Prefix.pch";
				INFOPLIST_FILE = "AVQueuePlayerDemo/AVQueuePlayerDemo-Info.plist";
				PRODUCT_NAME = "$(TARGET_NAME)";
				WRAPPER_EXTENSION = app;
			};
			name = Release;
		};
		DF244A8719B5C7F10031968F /* Debug */ = {
			isa = XCBuildConfiguration;
			buildSettings = {
				BUNDLE_LOADER = "$(BUILT_PRODUCTS_DIR)/AVQueuePlayerDemo.app/AVQueuePlayerDemo";
				FRAMEWORK_SEARCH_PATHS = (
					"$(SDKROOT)/Developer/Library/Frameworks",
					"$(inherited)",
					"$(DEVELOPER_FRAMEWORKS_DIR)",
				);
				GCC_PRECOMPILE_PREFIX_HEADER = YES;
				GCC_PREFIX_HEADER = "AVQueuePlayerDemo/AVQueuePlayerDemo-Prefix.pch";
				GCC_PREPROCESSOR_DEFINITIONS = (
					"DEBUG=1",
					"$(inherited)",
				);
				INFOPLIST_FILE = "AVQueuePlayerDemoTests/AVQueuePlayerDemoTests-Info.plist";
				PRODUCT_NAME = "$(TARGET_NAME)";
				TEST_HOST = "$(BUNDLE_LOADER)";
				WRAPPER_EXTENSION = xctest;
			};
			name = Debug;
		};
		DF244A8819B5C7F10031968F /* Release */ = {
			isa = XCBuildConfiguration;
			buildSettings = {
				BUNDLE_LOADER = "$(BUILT_PRODUCTS_DIR)/AVQueuePlayerDemo.app/AVQueuePlayerDemo";
				FRAMEWORK_SEARCH_PATHS = (
					"$(SDKROOT)/Developer/Library/Frameworks",
					"$(inherited)",
					"$(DEVELOPER_FRAMEWORKS_DIR)",
				);
				GCC_PRECOMPILE_PREFIX_HEADER = YES;
				GCC_PREFIX_HEADER = "AVQueuePlayerDemo/AVQueuePlayerDemo-Prefix.pch";
				INFOPLIST_FILE = "AVQueuePlayerDemoTests/AVQueuePlayerDemoTests-Info.plist";
				PRODUCT_NAME = "$(TARGET_NAME)";
				TEST_HOST = "$(BUNDLE_LOADER)";
				WRAPPER_EXTENSION = xctest;
			};
			name = Release;
		};
/* End XCBuildConfiguration section */

/* Begin XCConfigurationList section */
		DF244A4C19B5C7F10031968F /* Build configuration list for PBXProject "AVQueuePlayerDemo" */ = {
			isa = XCConfigurationList;
			buildConfigurations = (
				DF244A8119B5C7F10031968F /* Debug */,
				DF244A8219B5C7F10031968F /* Release */,
			);
			defaultConfigurationIsVisible = 0;
			defaultConfigurationName = Release;
		};
		DF244A8319B5C7F10031968F /* Build configuration list for PBXNativeTarget "AVQueuePlayerDemo" */ = {
			isa = XCConfigurationList;
			buildConfigurations = (
				DF244A8419B5C7F10031968F /* Debug */,
				DF244A8519B5C7F10031968F /* Release */,
			);
			defaultConfigurationIsVisible = 0;
			defaultConfigurationName = Release;
		};
		DF244A8619B5C7F10031968F /* Build configuration list for PBXNativeTarget "AVQueuePlayerDemoTests" */ = {
			isa = XCConfigurationList;
			buildConfigurations = (
				DF244A8719B5C7F10031968F /* Debug */,
				DF244A8819B5C7F10031968F /* Release */,
			);
			defaultConfigurationIsVisible = 0;
			defaultConfigurationName = Release;
		};
/* End XCConfigurationList section */
	};
	rootObject = DF244A4919B5C7F10031968F /* Project object */;
}
